
Microsoft Visual Studio Solution File, Format Version 12.00
# Visual Studio Version 17
VisualStudioVersion = 17.1.32407.343
MinimumVisualStudioVersion = 10.0.40219.1
Project("{FAE04EC0-301F-11D3-BF4B-00C04F79EFBC}") = "ObjectsSquare", "ObjectsSquare.csproj", "{E651D607-9E1B-4B50-8D06-65D11E231364}"
EndProject
Project("{FAE04EC0-301F-11D3-BF4B-00C04F79EFBC}") = "Marks", "..\Marks\Marks.csproj", "{339610C1-A407-4EF0-AFA7-C96ACF41870C}"
EndProject
Project("{FAE04EC0-301F-11D3-BF4B-00C04F79EFBC}") = "WhileLoopExample", "..\..\repos\WhileLoopExample\WhileLoopExample.csproj", "{09C1C642-0D1E-404E-A03D-F365EC82FC94}"
EndProject
Global
	GlobalSection(SolutionConfigurationPlatforms) = preSolution
		Debug|Any CPU = Debug|Any CPU
		Release|Any CPU = Release|Any CPU
	EndGlobalSection
	GlobalSection(ProjectConfigurationPlatforms) = postSolution
		{E651D607-9E1B-4B50-8D06-65D11E231364}.Debug|Any CPU.ActiveCfg = Debug|Any CPU
		{E651D607-9E1B-4B50-8D06-65D11E231364}.Debug|Any CPU.Build.0 = Debug|Any CPU
		{E651D607-9E1B-4B50-8D06-65D11E231364}.Release|Any CPU.ActiveCfg = Release|Any CPU
		{E651D607-9E1B-4B50-8D06-65D11E231364}.Release|Any CPU.Build.0 = Release|Any CPU
		{339610C1-A407-4EF0-AFA7-C96ACF41870C}.Debug|Any CPU.ActiveCfg = Debug|Any CPU
		{339610C1-A407-4EF0-AFA7-C96ACF41870C}.Debug|Any CPU.Build.0 = Debug|Any CPU
		{339610C1-A407-4EF0-AFA7-C96ACF41870C}.Release|Any CPU.ActiveCfg = Release|Any CPU
		{339610C1-A407-4EF0-AFA7-C96ACF41870C}.Release|Any CPU.Build.0 = Release|Any CPU
		{09C1C642-0D1E-404E-A03D-F365EC82FC94}.Debug|Any CPU.ActiveCfg = Debug|Any CPU
		{09C1C642-0D1E-404E-A03D-F365EC82FC94}.Debug|Any CPU.Build.0 = Debug|Any CPU
		{09C1C642-0D1E-404E-A03D-F365EC82FC94}.Release|Any CPU.ActiveCfg = Release|Any CPU
		{09C1C642-0D1E-404E-A03D-F365EC82FC94}.Release|Any CPU.Build.0 = Release|Any CPU
	EndGlobalSection
	GlobalSection(SolutionProperties) = preSolution
		HideSolutionNode = FALSE
	EndGlobalSection
	GlobalSection(ExtensibilityGlobals) = postSolution
		SolutionGuid = {86F4C03A-8C8B-4272-8FA8-29216D5D8CA0}
	EndGlobalSection
EndGlobal
