
Microsoft Visual Studio Solution File, Format Version 12.00
# Visual Studio Version 17
VisualStudioVersion = 17.2.32602.215
MinimumVisualStudioVersion = 10.0.40219.1
Project("{FAE04EC0-301F-11D3-BF4B-00C04F79EFBC}") = "DictionaryEx", "DictionaryEx.csproj", "{0E0BE20D-0D3E-4C65-93AE-2CA9426BD838}"
EndProject
Global
	GlobalSection(SolutionConfigurationPlatforms) = preSolution
		Debug|Any CPU = Debug|Any CPU
		Release|Any CPU = Release|Any CPU
	EndGlobalSection
	GlobalSection(ProjectConfigurationPlatforms) = postSolution
		{0E0BE20D-0D3E-4C65-93AE-2CA9426BD838}.Debug|Any CPU.ActiveCfg = Debug|Any CPU
		{0E0BE20D-0D3E-4C65-93AE-2CA9426BD838}.Debug|Any CPU.Build.0 = Debug|Any CPU
		{0E0BE20D-0D3E-4C65-93AE-2CA9426BD838}.Release|Any CPU.ActiveCfg = Release|Any CPU
		{0E0BE20D-0D3E-4C65-93AE-2CA9426BD838}.Release|Any CPU.Build.0 = Release|Any CPU
	EndGlobalSection
	GlobalSection(SolutionProperties) = preSolution
		HideSolutionNode = FALSE
	EndGlobalSection
	GlobalSection(ExtensibilityGlobals) = postSolution
		SolutionGuid = {AA8E44C2-8EB9-43BC-8E26-4A9BE391D7D3}
	EndGlobalSection
EndGlobal
