
Microsoft Visual Studio Solution File, Format Version 12.00
# Visual Studio Version 17
VisualStudioVersion = 17.1.32421.90
MinimumVisualStudioVersion = 10.0.40219.1
Project("{FAE04EC0-301F-11D3-BF4B-00C04F79EFBC}") = "BiggestEvenNumber", "BiggestEvenNumber.csproj", "{EA03AA44-668D-465C-A963-B13CB8B3FE02}"
EndProject
Global
	GlobalSection(SolutionConfigurationPlatforms) = preSolution
		Debug|Any CPU = Debug|Any CPU
		Release|Any CPU = Release|Any CPU
	EndGlobalSection
	GlobalSection(ProjectConfigurationPlatforms) = postSolution
		{EA03AA44-668D-465C-A963-B13CB8B3FE02}.Debug|Any CPU.ActiveCfg = Debug|Any CPU
		{EA03AA44-668D-465C-A963-B13CB8B3FE02}.Debug|Any CPU.Build.0 = Debug|Any CPU
		{EA03AA44-668D-465C-A963-B13CB8B3FE02}.Release|Any CPU.ActiveCfg = Release|Any CPU
		{EA03AA44-668D-465C-A963-B13CB8B3FE02}.Release|Any CPU.Build.0 = Release|Any CPU
	EndGlobalSection
	GlobalSection(SolutionProperties) = preSolution
		HideSolutionNode = FALSE
	EndGlobalSection
	GlobalSection(ExtensibilityGlobals) = postSolution
		SolutionGuid = {A6B533AA-5FFF-43C2-A256-BF07622892DD}
	EndGlobalSection
EndGlobal
